PODS:
  - FBSnapshotTestCase (2.1.4):
    - FBSnapshotTestCase/SwiftSupport (= 2.1.4)
  - FBSnapshotTestCase/Core (2.1.4)
  - FBSnapshotTestCase/SwiftSupport (2.1.4):
    - FBSnapshotTestCase/Core
  - PKHMultiPeer (0.1.0)
  - SnapKit (4.2.0)

DEPENDENCIES:
  - FBSnapshotTestCase (~> 2.1.4)
  - PKHMultiPeer (from `../`)
  - SnapKit

SPEC REPOS:
  trunk:
    - FBSnapshotTestCase
    - SnapKit

EXTERNAL SOURCES:
  PKHMultiPeer:
    :path: "../"

SPEC CHECKSUMS:
  FBSnapshotTestCase: 094f9f314decbabe373b87cc339bea235a63e07a
  PKHMultiPeer: 4ab6a52cdbe9d84068948246b32e2f8195af588d
  SnapKit: fe8a619752f3f27075cc9a90244d75c6c3f27e2a

PODFILE CHECKSUM: 9e459960c4f897357da0b500c4564d0e799e7ad4

COCOAPODS: 1.9.2
